
Microsoft Visual Studio Solution File, Format Version 12.00
# Visual Studio Version 17
VisualStudioVersion = 17.14.36109.1 d17.14
MinimumVisualStudioVersion = 10.0.40219.1
Project("{FAE04EC0-301F-11D3-BF4B-00C04F79EFBC}") = "Saboriza", "Saboriza\Saboriza.csproj", "{66785958-C035-40CF-87A7-D1C7F506A831}"
EndProject
Global
	GlobalSection(SolutionConfigurationPlatforms) = preSolution
		Debug|Any CPU = Debug|Any CPU
		Release|Any CPU = Release|Any CPU
	EndGlobalSection
	GlobalSection(ProjectConfigurationPlatforms) = postSolution
		{66785958-C035-40CF-87A7-D1C7F506A831}.Debug|Any CPU.ActiveCfg = Debug|Any CPU
		{66785958-C035-40CF-87A7-D1C7F506A831}.Debug|Any CPU.Build.0 = Debug|Any CPU
		{66785958-C035-40CF-87A7-D1C7F506A831}.Release|Any CPU.ActiveCfg = Release|Any CPU
		{66785958-C035-40CF-87A7-D1C7F506A831}.Release|Any CPU.Build.0 = Release|Any CPU
	EndGlobalSection
	GlobalSection(SolutionProperties) = preSolution
		HideSolutionNode = FALSE
	EndGlobalSection
	GlobalSection(ExtensibilityGlobals) = postSolution
		SolutionGuid = {C62471A0-BEAA-483D-B42D-14F9C3DEB00C}
	EndGlobalSection
EndGlobal
